<?xml version="1.0" encoding="utf-8"?>
<Project ToolsVersion="4.0" xmlns="http://schemas.microsoft.com/developer/msbuild/2003">
  <ItemGroup>
    <Filter Include="Source Files">
      <UniqueIdentifier>{4FC737F1-C7A5-4376-A066-2A32D752A2FF}</UniqueIdentifier>
      <Extensions>cpp;c;cc;cxx;c++;cppm;ixx;def;odl;idl;hpj;bat;asm;asmx</Extensions>
    </Filter>
    <Filter Include="Header Files">
      <UniqueIdentifier>{93995380-89BD-4b04-88EB-625FBE52EBFB}</UniqueIdentifier>
      <Extensions>h;hh;hpp;hxx;h++;hm;inl;inc;ipp;xsd</Extensions>
    </Filter>
    <Filter Include="Resource Files">
      <UniqueIdentifier>{67DA6AB6-F800-4c08-8B7A-83BB121AAD01}</UniqueIdentifier>
      <Extensions>rc;ico;cur;bmp;dlg;rc2;rct;bin;rgs;gif;jpg;jpeg;jpe;resx;tiff;tif;png;wav;mfcribbon-ms</Extensions>
    </Filter>
  </ItemGroup>
  <ItemGroup>
    <ClInclude Include="Editor.hpp">
      <Filter>Header Files</Filter>
    </ClInclude>
    <ClInclude Include="UI\Actions\ProjectManager.hpp">
      <Filter>Header Files</Filter>
    </ClInclude>
    <ClInclude Include="UI\Actions\Inspector.hpp">
      <Filter>Header Files</Filter>
    </ClInclude>
    <ClInclude Include="UI\Actions\Explorer.hpp">
      <Filter>Header Files</Filter>
    </ClInclude>
    <ClInclude Include="UI\Actions\AssetExplorer.hpp">
      <Filter>Header Files</Filter>
    </ClInclude>
    <ClInclude Include="UI\Actions\FolderExplorer.hpp">
      <Filter>Header Files</Filter>
    </ClInclude>
    <ClInclude Include="UI\EditorUI.hpp">
      <Filter>Header Files</Filter>
    </ClInclude>
    <ClInclude Include="UI\Actions\ProjectGenerator.hpp">
      <Filter>Header Files</Filter>
    </ClInclude>
    <ClInclude Include="UI\Actions\Settings.hpp">
      <Filter>Header Files</Filter>
    </ClInclude>
    <ClInclude Include="UI\Actions\Terrain.hpp">
      <Filter>Header Files</Filter>
    </ClInclude>
    <ClInclude Include="UI\Elements\EntityList.hpp">
      <Filter>Header Files</Filter>
    </ClInclude>
    <ClInclude Include="UI\Gadgets\Gadget.hpp">
      <Filter>Header Files</Filter>
    </ClInclude>
    <ClInclude Include="UI\Gadgets\ScaleGadget.hpp">
      <Filter>Header Files</Filter>
    </ClInclude>
    <ClInclude Include="UI\Gadgets\PositionGadget.hpp">
      <Filter>Header Files</Filter>
    </ClInclude>
    <ClInclude Include="UI\Gadgets\DuplicateGadget.hpp">
      <Filter>Header Files</Filter>
    </ClInclude>
    <ClInclude Include="GameIntegrator.hpp">
      <Filter>Header Files</Filter>
    </ClInclude>
    <ClInclude Include="UI\Actions\MaterialEditor.hpp">
      <Filter>Header Files</Filter>
    </ClInclude>
    <ClInclude Include="Scene\SceneManager.hpp">
      <Filter>Header Files</Filter>
    </ClInclude>
    <ClInclude Include="UI\Actions\SceneView.hpp">
      <Filter>Header Files</Filter>
    </ClInclude>
    <ClInclude Include="UI\EditorTransactions.hpp">
      <Filter>Header Files</Filter>
    </ClInclude>
    <ClInclude Include="UI\PrefabController.hpp">
      <Filter>Header Files</Filter>
    </ClInclude>
  </ItemGroup>
  <ItemGroup>
    <ClCompile Include="Editor.cpp">
      <Filter>Source Files</Filter>
    </ClCompile>
    <ClCompile Include="UI\Actions\ProjectManager.cpp">
      <Filter>Source Files</Filter>
    </ClCompile>
    <ClCompile Include="UI\Actions\Inspector.cpp">
      <Filter>Source Files</Filter>
    </ClCompile>
    <ClCompile Include="UI\Actions\Explorer.cpp">
      <Filter>Source Files</Filter>
    </ClCompile>
    <ClCompile Include="UI\Actions\AssetExplorer.cpp">
      <Filter>Source Files</Filter>
    </ClCompile>
    <ClCompile Include="UI\Actions\FolderExplorer.cpp">
      <Filter>Source Files</Filter>
    </ClCompile>
    <ClCompile Include="WinMain.cpp">
      <Filter>Source Files</Filter>
    </ClCompile>
    <ClCompile Include="UI\EditorUI.cpp">
      <Filter>Source Files</Filter>
    </ClCompile>
    <ClCompile Include="UI\Actions\ProjectGenerator.cpp">
      <Filter>Source Files</Filter>
    </ClCompile>
    <ClCompile Include="UI\Actions\Settings.cpp">
      <Filter>Source Files</Filter>
    </ClCompile>
    <ClCompile Include="UI\Actions\Terrain.cpp">
      <Filter>Source Files</Filter>
    </ClCompile>
    <ClCompile Include="UI\Elements\EntityList.cpp">
      <Filter>Source Files</Filter>
    </ClCompile>
    <ClCompile Include="UI\Gadgets\Gadget.cpp">
      <Filter>Source Files</Filter>
    </ClCompile>
    <ClCompile Include="UI\Gadgets\ScaleGadget.cpp">
      <Filter>Source Files</Filter>
    </ClCompile>
    <ClCompile Include="UI\Gadgets\PositionGadget.cpp">
      <Filter>Source Files</Filter>
    </ClCompile>
    <ClCompile Include="UI\Gadgets\DuplicateGadget.cpp">
      <Filter>Source Files</Filter>
    </ClCompile>
    <ClCompile Include="GameIntegrator.cpp">
      <Filter>Source Files</Filter>
    </ClCompile>
    <ClCompile Include="UI\Actions\MaterialEditor.cpp">
      <Filter>Source Files</Filter>
    </ClCompile>
    <ClCompile Include="UI\Actions\SceneView.cpp">
      <Filter>Source Files</Filter>
    </ClCompile>
    <ClCompile Include="UI\PrefabController.cpp">
      <Filter>Source Files</Filter>
    </ClCompile>
  </ItemGroup>
</Project>
