<?xml version="1.0" encoding="utf-8"?>
<Project ToolsVersion="4.0" xmlns="http://schemas.microsoft.com/developer/msbuild/2003">
  <ItemGroup>
    <Filter Include="Source Files">
      <UniqueIdentifier>{4FC737F1-C7A5-4376-A066-2A32D752A2FF}</UniqueIdentifier>
      <Extensions>cpp;c;cc;cxx;c++;cppm;ixx;def;odl;idl;hpj;bat;asm;asmx</Extensions>
    </Filter>
    <Filter Include="Header Files">
      <UniqueIdentifier>{93995380-89BD-4b04-88EB-625FBE52EBFB}</UniqueIdentifier>
      <Extensions>h;hh;hpp;hxx;h++;hm;inl;inc;ipp;xsd</Extensions>
    </Filter>
    <Filter Include="Resource Files">
      <UniqueIdentifier>{67DA6AB6-F800-4c08-8B7A-83BB121AAD01}</UniqueIdentifier>
      <Extensions>rc;ico;cur;bmp;dlg;rc2;rct;bin;rgs;gif;jpg;jpeg;jpe;resx;tiff;tif;png;wav;mfcribbon-ms</Extensions>
    </Filter>
  </ItemGroup>
  <ItemGroup>
  </ItemGroup>
  <ItemGroup>
    <ClInclude Include="CityEmergencyDispatcherSystemComponent.hpp">
      <Filter>Header Files</Filter>
    </ClInclude>
    <ClInclude Include="CitySimulationEditorToolPlugin.hpp">
      <Filter>Header Files</Filter>
    </ClInclude>
    <ClInclude Include="CityRoutineSystemComponent.hpp">
      <Filter>Header Files</Filter>
    </ClInclude>
    <ClInclude Include="CitySimulationInterface.hpp">
      <Filter>Header Files</Filter>
    </ClInclude>
    <ClInclude Include="ITaskTravelService.hpp">
      <Filter>Header Files</Filter>
    </ClInclude>
    <ClInclude Include="PlaceOfWorkComponent.hpp">
      <Filter>Header Files</Filter>
    </ClInclude>
    <ClInclude Include="Plugin.hpp">
      <Filter>Header Files</Filter>
    </ClInclude>
    <ClInclude Include="ResidenceComponent.hpp">
      <Filter>Header Files</Filter>
    </ClInclude>
    <ClInclude Include="RoadComponent.hpp">
      <Filter>Header Files</Filter>
    </ClInclude>
    <ClInclude Include="RoutineAgentComponent.hpp">
      <Filter>Header Files</Filter>
    </ClInclude>
    <ClInclude Include="ServiceStationComponent.hpp">
      <Filter>Header Files</Filter>
    </ClInclude>
    <ClInclude Include="TrafficLaneComponent.hpp">
      <Filter>Header Files</Filter>
    </ClInclude>
    <ClInclude Include="TrafficManagerComponent.hpp">
      <Filter>Header Files</Filter>
    </ClInclude>
    <ClInclude Include="TrafficSpawnerComponent.hpp">
      <Filter>Header Files</Filter>
    </ClInclude>
    <ClInclude Include="TrafficVehicleComponent.hpp">
      <Filter>Header Files</Filter>
    </ClInclude>
    <ClInclude Include="VehicleComponent.hpp">
      <Filter>Header Files</Filter>
    </ClInclude>
  </ItemGroup>
  <ItemGroup>
    <ClCompile Include="CityEmergencyDispatcherSystemComponent.cpp">
      <Filter>Source Files</Filter>
    </ClCompile>
    <ClCompile Include="CitySimulationEditorToolPlugin.cpp">
      <Filter>Source Files</Filter>
    </ClCompile>
    <ClCompile Include="CityRoutineSystemComponent.cpp">
      <Filter>Source Files</Filter>
    </ClCompile>
    <ClCompile Include="CitySimulationInterface.cpp">
      <Filter>Source Files</Filter>
    </ClCompile>
    <ClCompile Include="PlaceOfWorkComponent.cpp">
      <Filter>Source Files</Filter>
    </ClCompile>
    <ClCompile Include="Plugin.cpp">
      <Filter>Source Files</Filter>
    </ClCompile>
    <ClCompile Include="ResidenceComponent.cpp">
      <Filter>Source Files</Filter>
    </ClCompile>
    <ClCompile Include="RoadComponent.cpp">
      <Filter>Source Files</Filter>
    </ClCompile>
    <ClCompile Include="RoutineAgentComponent.cpp">
      <Filter>Source Files</Filter>
    </ClCompile>
    <ClCompile Include="ServiceStationComponent.cpp">
      <Filter>Source Files</Filter>
    </ClCompile>
    <ClCompile Include="TrafficLaneComponent.cpp">
      <Filter>Source Files</Filter>
    </ClCompile>
    <ClCompile Include="TrafficManagerComponent.cpp">
      <Filter>Source Files</Filter>
    </ClCompile>
    <ClCompile Include="TrafficSpawnerComponent.cpp">
      <Filter>Source Files</Filter>
    </ClCompile>
    <ClCompile Include="TrafficVehicleComponent.cpp">
      <Filter>Source Files</Filter>
    </ClCompile>
    <ClCompile Include="VehicleComponent.cpp">
      <Filter>Source Files</Filter>
    </ClCompile>
  </ItemGroup>
</Project>
