
Microsoft Visual Studio Solution File, Format Version 12.00
# Visual Studio Version 17
VisualStudioVersion = 17.11.35327.3
MinimumVisualStudioVersion = 10.0.40219.1
Project("{8BC9CEB8-8B4A-11D0-8D11-00A0C91BC942}") = "HexEngine.Core", "HexEngine.Core\HexEngine.Core.vcxproj", "{6E10D5FF-D039-4D73-948B-49E29E39A1FA}"
EndProject
Project("{8BC9CEB8-8B4A-11D0-8D11-00A0C91BC942}") = "HexEngine.SampleGame", "HexEngine.SampleGame\HexEngine.SampleGame.vcxproj", "{745E98F3-7EF5-45C5-978D-57C7B29A565B}"
	ProjectSection(ProjectDependencies) = postProject
		{6E10D5FF-D039-4D73-948B-49E29E39A1FA} = {6E10D5FF-D039-4D73-948B-49E29E39A1FA}
	EndProjectSection
EndProject
Project("{8BC9CEB8-8B4A-11D0-8D11-00A0C91BC942}") = "HexEngine.ShaderCompiler", "HexEngine.ShaderCompiler\HexEngine.ShaderCompiler.vcxproj", "{E6C42CD6-A33C-4C6C-B1FA-A0E1B5EAAF8B}"
EndProject
Project("{2150E333-8FDC-42A3-9474-1A3956D46DE8}") = "Plugins", "Plugins", "{FB9A261D-5A41-4139-9B3F-F8922326A9D1}"
EndProject
Project("{8BC9CEB8-8B4A-11D0-8D11-00A0C91BC942}") = "HexEngine.AssimpPlugin", "Plugins\HexEngine.AssimpPlugin\HexEngine.AssimpPlugin.vcxproj", "{84B905BE-4A9E-4482-84D2-CA65D2453529}"
	ProjectSection(ProjectDependencies) = postProject
		{6E10D5FF-D039-4D73-948B-49E29E39A1FA} = {6E10D5FF-D039-4D73-948B-49E29E39A1FA}
	EndProjectSection
EndProject
Project("{8BC9CEB8-8B4A-11D0-8D11-00A0C91BC942}") = "HexEngine.Shaders", "HexEngine.Shaders\HexEngine.Shaders.vcxproj", "{05A66D02-FE8F-435C-9CCE-918DF543FC88}"
EndProject
Project("{8BC9CEB8-8B4A-11D0-8D11-00A0C91BC942}") = "HexEngine.AssetPacker", "HexEngine.AssetPacker\HexEngine.AssetPacker.vcxproj", "{F6DA822C-3C54-466A-8864-83294F080931}"
	ProjectSection(ProjectDependencies) = postProject
		{29AB4D5E-FB76-485F-8095-4036CEE23FF4} = {29AB4D5E-FB76-485F-8095-4036CEE23FF4}
		{66664F67-4842-46B2-932F-52ED65FDE34B} = {66664F67-4842-46B2-932F-52ED65FDE34B}
		{67D05D79-CEDA-471F-907C-0D49DCBDCB7E} = {67D05D79-CEDA-471F-907C-0D49DCBDCB7E}
		{6E10D5FF-D039-4D73-948B-49E29E39A1FA} = {6E10D5FF-D039-4D73-948B-49E29E39A1FA}
		{B71B589F-440C-4924-B600-8EE2F017339A} = {B71B589F-440C-4924-B600-8EE2F017339A}
		{FBC102B3-080F-466E-A8E3-01CB25AD4113} = {FBC102B3-080F-466E-A8E3-01CB25AD4113}
	EndProjectSection
EndProject
Project("{8BC9CEB8-8B4A-11D0-8D11-00A0C91BC942}") = "HexEngine.BrotliPlugin", "Plugins\HexEngine.BrotliPlugin\HexEngine.BrotliPlugin.vcxproj", "{FBC102B3-080F-466E-A8E3-01CB25AD4113}"
	ProjectSection(ProjectDependencies) = postProject
		{6E10D5FF-D039-4D73-948B-49E29E39A1FA} = {6E10D5FF-D039-4D73-948B-49E29E39A1FA}
	EndProjectSection
EndProject
Project("{8BC9CEB8-8B4A-11D0-8D11-00A0C91BC942}") = "HexEngine.HBAOPlusPlugin", "Plugins\HexEngine.HBAOPlusPlugin\HexEngine.HBAOPlusPlugin.vcxproj", "{66664F67-4842-46B2-932F-52ED65FDE34B}"
	ProjectSection(ProjectDependencies) = postProject
		{6E10D5FF-D039-4D73-948B-49E29E39A1FA} = {6E10D5FF-D039-4D73-948B-49E29E39A1FA}
	EndProjectSection
EndProject
Project("{8BC9CEB8-8B4A-11D0-8D11-00A0C91BC942}") = "HexEngine.PhysXPlugin", "Plugins\HexEngine.PhysXPlugin\HexEngine.PhysXPlugin.vcxproj", "{B71B589F-440C-4924-B600-8EE2F017339A}"
	ProjectSection(ProjectDependencies) = postProject
		{6E10D5FF-D039-4D73-948B-49E29E39A1FA} = {6E10D5FF-D039-4D73-948B-49E29E39A1FA}
	EndProjectSection
EndProject
Project("{8BC9CEB8-8B4A-11D0-8D11-00A0C91BC942}") = "HexEngine.D3D11Plugin", "Plugins\HexEngine.D3D11Plugin\HexEngine.D3D11Plugin.vcxproj", "{67D05D79-CEDA-471F-907C-0D49DCBDCB7E}"
	ProjectSection(ProjectDependencies) = postProject
		{6E10D5FF-D039-4D73-948B-49E29E39A1FA} = {6E10D5FF-D039-4D73-948B-49E29E39A1FA}
	EndProjectSection
EndProject
Project("{8BC9CEB8-8B4A-11D0-8D11-00A0C91BC942}") = "HexEngine.SamplePlugin", "Plugins\HexEngine.SamplePlugin\HexEngine.SamplePlugin.vcxproj", "{324194E5-75F9-428E-8485-C063BF11DABB}"
	ProjectSection(ProjectDependencies) = postProject
		{6E10D5FF-D039-4D73-948B-49E29E39A1FA} = {6E10D5FF-D039-4D73-948B-49E29E39A1FA}
	EndProjectSection
EndProject
Project("{8BC9CEB8-8B4A-11D0-8D11-00A0C91BC942}") = "HexEngine.Editor", "HexEngine.Editor2\HexEngine.Editor2.vcxproj", "{7A7EAC1E-CDA1-4137-95F0-1A29680FC2EB}"
	ProjectSection(ProjectDependencies) = postProject
		{05A66D02-FE8F-435C-9CCE-918DF543FC88} = {05A66D02-FE8F-435C-9CCE-918DF543FC88}
		{29AB4D5E-FB76-485F-8095-4036CEE23FF4} = {29AB4D5E-FB76-485F-8095-4036CEE23FF4}
		{66664F67-4842-46B2-932F-52ED65FDE34B} = {66664F67-4842-46B2-932F-52ED65FDE34B}
		{67D05D79-CEDA-471F-907C-0D49DCBDCB7E} = {67D05D79-CEDA-471F-907C-0D49DCBDCB7E}
		{6E10D5FF-D039-4D73-948B-49E29E39A1FA} = {6E10D5FF-D039-4D73-948B-49E29E39A1FA}
		{84B905BE-4A9E-4482-84D2-CA65D2453529} = {84B905BE-4A9E-4482-84D2-CA65D2453529}
		{B71B589F-440C-4924-B600-8EE2F017339A} = {B71B589F-440C-4924-B600-8EE2F017339A}
		{E6C42CD6-A33C-4C6C-B1FA-A0E1B5EAAF8B} = {E6C42CD6-A33C-4C6C-B1FA-A0E1B5EAAF8B}
		{F6DA822C-3C54-466A-8864-83294F080931} = {F6DA822C-3C54-466A-8864-83294F080931}
		{FBC102B3-080F-466E-A8E3-01CB25AD4113} = {FBC102B3-080F-466E-A8E3-01CB25AD4113}
	EndProjectSection
EndProject
Project("{8BC9CEB8-8B4A-11D0-8D11-00A0C91BC942}") = "HexEngine.FreeTypePlugin", "Plugins\HexEngine.FreeTypePlugin\HexEngine.FreeTypePlugin.vcxproj", "{29AB4D5E-FB76-485F-8095-4036CEE23FF4}"
	ProjectSection(ProjectDependencies) = postProject
		{6E10D5FF-D039-4D73-948B-49E29E39A1FA} = {6E10D5FF-D039-4D73-948B-49E29E39A1FA}
	EndProjectSection
EndProject
Project("{8BC9CEB8-8B4A-11D0-8D11-00A0C91BC942}") = "HexEngine.SteamworksPlugin", "Plugins\HexEngine.SteamworksPlugin\HexEngine.SteamworksPlugin.vcxproj", "{59CE7705-7151-4593-950A-5177E9558958}"
	ProjectSection(ProjectDependencies) = postProject
		{6E10D5FF-D039-4D73-948B-49E29E39A1FA} = {6E10D5FF-D039-4D73-948B-49E29E39A1FA}
	EndProjectSection
EndProject
Project("{8BC9CEB8-8B4A-11D0-8D11-00A0C91BC942}") = "HexEngine.Launcher", "HexEngine.Launcher\HexEngine.Launcher.vcxproj", "{4867374E-F525-47FF-82D8-2645A85EE10A}"
	ProjectSection(ProjectDependencies) = postProject
		{6E10D5FF-D039-4D73-948B-49E29E39A1FA} = {6E10D5FF-D039-4D73-948B-49E29E39A1FA}
	EndProjectSection
EndProject
Project("{8BC9CEB8-8B4A-11D0-8D11-00A0C91BC942}") = "HexEngine.RecastNavigationPlugin", "Plugins\HexEngine.RecastNavigationPlugin\HexEngine.RecastNavigationPlugin.vcxproj", "{049A3157-DE36-4D6E-855E-8D7A17AECB6C}"
	ProjectSection(ProjectDependencies) = postProject
		{6E10D5FF-D039-4D73-948B-49E29E39A1FA} = {6E10D5FF-D039-4D73-948B-49E29E39A1FA}
	EndProjectSection
EndProject
Project("{8BC9CEB8-8B4A-11D0-8D11-00A0C91BC942}") = "HexEngine.StreamlinePlugin", "Plugins\HexEngine.StreamlinePlugin\HexEngine.StreamlinePlugin.vcxproj", "{880558E4-10E4-4970-991C-A38C5692A36E}"
	ProjectSection(ProjectDependencies) = postProject
		{6E10D5FF-D039-4D73-948B-49E29E39A1FA} = {6E10D5FF-D039-4D73-948B-49E29E39A1FA}
	EndProjectSection
EndProject
Project("{8BC9CEB8-8B4A-11D0-8D11-00A0C91BC942}") = "HexEngine.GUI", "Plugins\HexEngine.GUI\HexEngine.GUI.vcxproj", "{65C2B69E-1DBE-4418-A48C-96FE4B61BDBF}"
EndProject
Project("{8BC9CEB8-8B4A-11D0-8D11-00A0C91BC942}") = "HexEngine.OIDNPlugin", "Plugins\HexEngine.OIDNPlugin\HexEngine.OIDNPlugin.vcxproj", "{81B51237-5572-443C-8A68-DBC54F02F624}"
	ProjectSection(ProjectDependencies) = postProject
		{6E10D5FF-D039-4D73-948B-49E29E39A1FA} = {6E10D5FF-D039-4D73-948B-49E29E39A1FA}
	EndProjectSection
EndProject
Project("{8BC9CEB8-8B4A-11D0-8D11-00A0C91BC942}") = "HexEngine.NRDPlugin", "Plugins\HexEngine.NRDPlugin\HexEngine.NRDPlugin.vcxproj", "{C75DEAAE-0E86-4970-97DC-11CE4E20E981}"
	ProjectSection(ProjectDependencies) = postProject
		{6E10D5FF-D039-4D73-948B-49E29E39A1FA} = {6E10D5FF-D039-4D73-948B-49E29E39A1FA}
	EndProjectSection
EndProject
Global
	GlobalSection(SolutionConfigurationPlatforms) = preSolution
		Debug|x64 = Debug|x64
		Debug|x86 = Debug|x86
		Release_DEBUG|x64 = Release_DEBUG|x64
		Release_DEBUG|x86 = Release_DEBUG|x86
		Release|x64 = Release|x64
		Release|x86 = Release|x86
	EndGlobalSection
	GlobalSection(ProjectConfigurationPlatforms) = postSolution
		{6E10D5FF-D039-4D73-948B-49E29E39A1FA}.Debug|x64.ActiveCfg = Debug|x64
		{6E10D5FF-D039-4D73-948B-49E29E39A1FA}.Debug|x64.Build.0 = Debug|x64
		{6E10D5FF-D039-4D73-948B-49E29E39A1FA}.Debug|x86.ActiveCfg = Debug|Win32
		{6E10D5FF-D039-4D73-948B-49E29E39A1FA}.Debug|x86.Build.0 = Debug|Win32
		{6E10D5FF-D039-4D73-948B-49E29E39A1FA}.Release_DEBUG|x64.ActiveCfg = Release_DEBUG|x64
		{6E10D5FF-D039-4D73-948B-49E29E39A1FA}.Release_DEBUG|x64.Build.0 = Release_DEBUG|x64
		{6E10D5FF-D039-4D73-948B-49E29E39A1FA}.Release_DEBUG|x86.ActiveCfg = Release_DEBUG|Win32
		{6E10D5FF-D039-4D73-948B-49E29E39A1FA}.Release_DEBUG|x86.Build.0 = Release_DEBUG|Win32
		{6E10D5FF-D039-4D73-948B-49E29E39A1FA}.Release|x64.ActiveCfg = Release|x64
		{6E10D5FF-D039-4D73-948B-49E29E39A1FA}.Release|x64.Build.0 = Release|x64
		{6E10D5FF-D039-4D73-948B-49E29E39A1FA}.Release|x86.ActiveCfg = Release|Win32
		{6E10D5FF-D039-4D73-948B-49E29E39A1FA}.Release|x86.Build.0 = Release|Win32
		{745E98F3-7EF5-45C5-978D-57C7B29A565B}.Debug|x64.ActiveCfg = Debug|x64
		{745E98F3-7EF5-45C5-978D-57C7B29A565B}.Debug|x86.ActiveCfg = Debug|Win32
		{745E98F3-7EF5-45C5-978D-57C7B29A565B}.Debug|x86.Build.0 = Debug|Win32
		{745E98F3-7EF5-45C5-978D-57C7B29A565B}.Release_DEBUG|x64.ActiveCfg = Release_DEBUG|x64
		{745E98F3-7EF5-45C5-978D-57C7B29A565B}.Release_DEBUG|x86.ActiveCfg = Release_DEBUG|Win32
		{745E98F3-7EF5-45C5-978D-57C7B29A565B}.Release|x64.ActiveCfg = Release|x64
		{745E98F3-7EF5-45C5-978D-57C7B29A565B}.Release|x86.ActiveCfg = Release|Win32
		{745E98F3-7EF5-45C5-978D-57C7B29A565B}.Release|x86.Build.0 = Release|Win32
		{E6C42CD6-A33C-4C6C-B1FA-A0E1B5EAAF8B}.Debug|x64.ActiveCfg = Debug|x64
		{E6C42CD6-A33C-4C6C-B1FA-A0E1B5EAAF8B}.Debug|x64.Build.0 = Debug|x64
		{E6C42CD6-A33C-4C6C-B1FA-A0E1B5EAAF8B}.Debug|x86.ActiveCfg = Debug|Win32
		{E6C42CD6-A33C-4C6C-B1FA-A0E1B5EAAF8B}.Debug|x86.Build.0 = Debug|Win32
		{E6C42CD6-A33C-4C6C-B1FA-A0E1B5EAAF8B}.Release_DEBUG|x64.ActiveCfg = Release_DEBUG|x64
		{E6C42CD6-A33C-4C6C-B1FA-A0E1B5EAAF8B}.Release_DEBUG|x64.Build.0 = Release_DEBUG|x64
		{E6C42CD6-A33C-4C6C-B1FA-A0E1B5EAAF8B}.Release_DEBUG|x86.ActiveCfg = Release_DEBUG|Win32
		{E6C42CD6-A33C-4C6C-B1FA-A0E1B5EAAF8B}.Release_DEBUG|x86.Build.0 = Release_DEBUG|Win32
		{E6C42CD6-A33C-4C6C-B1FA-A0E1B5EAAF8B}.Release|x64.ActiveCfg = Release|x64
		{E6C42CD6-A33C-4C6C-B1FA-A0E1B5EAAF8B}.Release|x64.Build.0 = Release|x64
		{E6C42CD6-A33C-4C6C-B1FA-A0E1B5EAAF8B}.Release|x86.ActiveCfg = Release|Win32
		{E6C42CD6-A33C-4C6C-B1FA-A0E1B5EAAF8B}.Release|x86.Build.0 = Release|Win32
		{84B905BE-4A9E-4482-84D2-CA65D2453529}.Debug|x64.ActiveCfg = Debug|x64
		{84B905BE-4A9E-4482-84D2-CA65D2453529}.Debug|x64.Build.0 = Debug|x64
		{84B905BE-4A9E-4482-84D2-CA65D2453529}.Debug|x86.ActiveCfg = Debug|Win32
		{84B905BE-4A9E-4482-84D2-CA65D2453529}.Debug|x86.Build.0 = Debug|Win32
		{84B905BE-4A9E-4482-84D2-CA65D2453529}.Release_DEBUG|x64.ActiveCfg = Release|x64
		{84B905BE-4A9E-4482-84D2-CA65D2453529}.Release_DEBUG|x64.Build.0 = Release|x64
		{84B905BE-4A9E-4482-84D2-CA65D2453529}.Release_DEBUG|x86.ActiveCfg = Release|Win32
		{84B905BE-4A9E-4482-84D2-CA65D2453529}.Release_DEBUG|x86.Build.0 = Release|Win32
		{84B905BE-4A9E-4482-84D2-CA65D2453529}.Release|x64.ActiveCfg = Release|x64
		{84B905BE-4A9E-4482-84D2-CA65D2453529}.Release|x64.Build.0 = Release|x64
		{84B905BE-4A9E-4482-84D2-CA65D2453529}.Release|x86.ActiveCfg = Release|Win32
		{84B905BE-4A9E-4482-84D2-CA65D2453529}.Release|x86.Build.0 = Release|Win32
		{05A66D02-FE8F-435C-9CCE-918DF543FC88}.Debug|x64.ActiveCfg = Debug|x64
		{05A66D02-FE8F-435C-9CCE-918DF543FC88}.Debug|x64.Build.0 = Debug|x64
		{05A66D02-FE8F-435C-9CCE-918DF543FC88}.Debug|x86.ActiveCfg = Debug|Win32
		{05A66D02-FE8F-435C-9CCE-918DF543FC88}.Debug|x86.Build.0 = Debug|Win32
		{05A66D02-FE8F-435C-9CCE-918DF543FC88}.Release_DEBUG|x64.ActiveCfg = Release|x64
		{05A66D02-FE8F-435C-9CCE-918DF543FC88}.Release_DEBUG|x64.Build.0 = Release|x64
		{05A66D02-FE8F-435C-9CCE-918DF543FC88}.Release_DEBUG|x86.ActiveCfg = Release|Win32
		{05A66D02-FE8F-435C-9CCE-918DF543FC88}.Release_DEBUG|x86.Build.0 = Release|Win32
		{05A66D02-FE8F-435C-9CCE-918DF543FC88}.Release|x64.ActiveCfg = Release|x64
		{05A66D02-FE8F-435C-9CCE-918DF543FC88}.Release|x64.Build.0 = Release|x64
		{05A66D02-FE8F-435C-9CCE-918DF543FC88}.Release|x86.ActiveCfg = Release|Win32
		{05A66D02-FE8F-435C-9CCE-918DF543FC88}.Release|x86.Build.0 = Release|Win32
		{F6DA822C-3C54-466A-8864-83294F080931}.Debug|x64.ActiveCfg = Debug|x64
		{F6DA822C-3C54-466A-8864-83294F080931}.Debug|x64.Build.0 = Debug|x64
		{F6DA822C-3C54-466A-8864-83294F080931}.Debug|x86.ActiveCfg = Debug|Win32
		{F6DA822C-3C54-466A-8864-83294F080931}.Debug|x86.Build.0 = Debug|Win32
		{F6DA822C-3C54-466A-8864-83294F080931}.Release_DEBUG|x64.ActiveCfg = Release|x64
		{F6DA822C-3C54-466A-8864-83294F080931}.Release_DEBUG|x64.Build.0 = Release|x64
		{F6DA822C-3C54-466A-8864-83294F080931}.Release_DEBUG|x86.ActiveCfg = Release|Win32
		{F6DA822C-3C54-466A-8864-83294F080931}.Release_DEBUG|x86.Build.0 = Release|Win32
		{F6DA822C-3C54-466A-8864-83294F080931}.Release|x64.ActiveCfg = Release|x64
		{F6DA822C-3C54-466A-8864-83294F080931}.Release|x64.Build.0 = Release|x64
		{F6DA822C-3C54-466A-8864-83294F080931}.Release|x86.ActiveCfg = Release|Win32
		{F6DA822C-3C54-466A-8864-83294F080931}.Release|x86.Build.0 = Release|Win32
		{FBC102B3-080F-466E-A8E3-01CB25AD4113}.Debug|x64.ActiveCfg = Debug|x64
		{FBC102B3-080F-466E-A8E3-01CB25AD4113}.Debug|x64.Build.0 = Debug|x64
		{FBC102B3-080F-466E-A8E3-01CB25AD4113}.Debug|x86.ActiveCfg = Debug|Win32
		{FBC102B3-080F-466E-A8E3-01CB25AD4113}.Debug|x86.Build.0 = Debug|Win32
		{FBC102B3-080F-466E-A8E3-01CB25AD4113}.Release_DEBUG|x64.ActiveCfg = Release|x64
		{FBC102B3-080F-466E-A8E3-01CB25AD4113}.Release_DEBUG|x64.Build.0 = Release|x64
		{FBC102B3-080F-466E-A8E3-01CB25AD4113}.Release_DEBUG|x86.ActiveCfg = Release|Win32
		{FBC102B3-080F-466E-A8E3-01CB25AD4113}.Release_DEBUG|x86.Build.0 = Release|Win32
		{FBC102B3-080F-466E-A8E3-01CB25AD4113}.Release|x64.ActiveCfg = Release|x64
		{FBC102B3-080F-466E-A8E3-01CB25AD4113}.Release|x64.Build.0 = Release|x64
		{FBC102B3-080F-466E-A8E3-01CB25AD4113}.Release|x86.ActiveCfg = Release|Win32
		{FBC102B3-080F-466E-A8E3-01CB25AD4113}.Release|x86.Build.0 = Release|Win32
		{66664F67-4842-46B2-932F-52ED65FDE34B}.Debug|x64.ActiveCfg = Debug|x64
		{66664F67-4842-46B2-932F-52ED65FDE34B}.Debug|x64.Build.0 = Debug|x64
		{66664F67-4842-46B2-932F-52ED65FDE34B}.Debug|x86.ActiveCfg = Debug|Win32
		{66664F67-4842-46B2-932F-52ED65FDE34B}.Debug|x86.Build.0 = Debug|Win32
		{66664F67-4842-46B2-932F-52ED65FDE34B}.Release_DEBUG|x64.ActiveCfg = Release|x64
		{66664F67-4842-46B2-932F-52ED65FDE34B}.Release_DEBUG|x64.Build.0 = Release|x64
		{66664F67-4842-46B2-932F-52ED65FDE34B}.Release_DEBUG|x86.ActiveCfg = Release|Win32
		{66664F67-4842-46B2-932F-52ED65FDE34B}.Release_DEBUG|x86.Build.0 = Release|Win32
		{66664F67-4842-46B2-932F-52ED65FDE34B}.Release|x64.ActiveCfg = Release|x64
		{66664F67-4842-46B2-932F-52ED65FDE34B}.Release|x64.Build.0 = Release|x64
		{66664F67-4842-46B2-932F-52ED65FDE34B}.Release|x86.ActiveCfg = Release|Win32
		{66664F67-4842-46B2-932F-52ED65FDE34B}.Release|x86.Build.0 = Release|Win32
		{B71B589F-440C-4924-B600-8EE2F017339A}.Debug|x64.ActiveCfg = Debug|x64
		{B71B589F-440C-4924-B600-8EE2F017339A}.Debug|x64.Build.0 = Debug|x64
		{B71B589F-440C-4924-B600-8EE2F017339A}.Debug|x86.ActiveCfg = Debug|Win32
		{B71B589F-440C-4924-B600-8EE2F017339A}.Debug|x86.Build.0 = Debug|Win32
		{B71B589F-440C-4924-B600-8EE2F017339A}.Release_DEBUG|x64.ActiveCfg = Release|x64
		{B71B589F-440C-4924-B600-8EE2F017339A}.Release_DEBUG|x64.Build.0 = Release|x64
		{B71B589F-440C-4924-B600-8EE2F017339A}.Release_DEBUG|x86.ActiveCfg = Release|Win32
		{B71B589F-440C-4924-B600-8EE2F017339A}.Release_DEBUG|x86.Build.0 = Release|Win32
		{B71B589F-440C-4924-B600-8EE2F017339A}.Release|x64.ActiveCfg = Release|x64
		{B71B589F-440C-4924-B600-8EE2F017339A}.Release|x64.Build.0 = Release|x64
		{B71B589F-440C-4924-B600-8EE2F017339A}.Release|x86.ActiveCfg = Release|Win32
		{B71B589F-440C-4924-B600-8EE2F017339A}.Release|x86.Build.0 = Release|Win32
		{67D05D79-CEDA-471F-907C-0D49DCBDCB7E}.Debug|x64.ActiveCfg = Debug|x64
		{67D05D79-CEDA-471F-907C-0D49DCBDCB7E}.Debug|x64.Build.0 = Debug|x64
		{67D05D79-CEDA-471F-907C-0D49DCBDCB7E}.Debug|x86.ActiveCfg = Debug|Win32
		{67D05D79-CEDA-471F-907C-0D49DCBDCB7E}.Debug|x86.Build.0 = Debug|Win32
		{67D05D79-CEDA-471F-907C-0D49DCBDCB7E}.Release_DEBUG|x64.ActiveCfg = Release|x64
		{67D05D79-CEDA-471F-907C-0D49DCBDCB7E}.Release_DEBUG|x64.Build.0 = Release|x64
		{67D05D79-CEDA-471F-907C-0D49DCBDCB7E}.Release_DEBUG|x86.ActiveCfg = Release|Win32
		{67D05D79-CEDA-471F-907C-0D49DCBDCB7E}.Release_DEBUG|x86.Build.0 = Release|Win32
		{67D05D79-CEDA-471F-907C-0D49DCBDCB7E}.Release|x64.ActiveCfg = Release|x64
		{67D05D79-CEDA-471F-907C-0D49DCBDCB7E}.Release|x64.Build.0 = Release|x64
		{67D05D79-CEDA-471F-907C-0D49DCBDCB7E}.Release|x86.ActiveCfg = Release|Win32
		{67D05D79-CEDA-471F-907C-0D49DCBDCB7E}.Release|x86.Build.0 = Release|Win32
		{324194E5-75F9-428E-8485-C063BF11DABB}.Debug|x64.ActiveCfg = Debug|x64
		{324194E5-75F9-428E-8485-C063BF11DABB}.Debug|x86.ActiveCfg = Debug|Win32
		{324194E5-75F9-428E-8485-C063BF11DABB}.Debug|x86.Build.0 = Debug|Win32
		{324194E5-75F9-428E-8485-C063BF11DABB}.Release_DEBUG|x64.ActiveCfg = Release|x64
		{324194E5-75F9-428E-8485-C063BF11DABB}.Release_DEBUG|x64.Build.0 = Release|x64
		{324194E5-75F9-428E-8485-C063BF11DABB}.Release_DEBUG|x86.ActiveCfg = Release|Win32
		{324194E5-75F9-428E-8485-C063BF11DABB}.Release_DEBUG|x86.Build.0 = Release|Win32
		{324194E5-75F9-428E-8485-C063BF11DABB}.Release|x64.ActiveCfg = Release|x64
		{324194E5-75F9-428E-8485-C063BF11DABB}.Release|x86.ActiveCfg = Release|Win32
		{324194E5-75F9-428E-8485-C063BF11DABB}.Release|x86.Build.0 = Release|Win32
		{7A7EAC1E-CDA1-4137-95F0-1A29680FC2EB}.Debug|x64.ActiveCfg = Debug|x64
		{7A7EAC1E-CDA1-4137-95F0-1A29680FC2EB}.Debug|x64.Build.0 = Debug|x64
		{7A7EAC1E-CDA1-4137-95F0-1A29680FC2EB}.Debug|x86.ActiveCfg = Debug|Win32
		{7A7EAC1E-CDA1-4137-95F0-1A29680FC2EB}.Debug|x86.Build.0 = Debug|Win32
		{7A7EAC1E-CDA1-4137-95F0-1A29680FC2EB}.Release_DEBUG|x64.ActiveCfg = Release|x64
		{7A7EAC1E-CDA1-4137-95F0-1A29680FC2EB}.Release_DEBUG|x64.Build.0 = Release|x64
		{7A7EAC1E-CDA1-4137-95F0-1A29680FC2EB}.Release_DEBUG|x86.ActiveCfg = Release|Win32
		{7A7EAC1E-CDA1-4137-95F0-1A29680FC2EB}.Release_DEBUG|x86.Build.0 = Release|Win32
		{7A7EAC1E-CDA1-4137-95F0-1A29680FC2EB}.Release|x64.ActiveCfg = Release|x64
		{7A7EAC1E-CDA1-4137-95F0-1A29680FC2EB}.Release|x64.Build.0 = Release|x64
		{7A7EAC1E-CDA1-4137-95F0-1A29680FC2EB}.Release|x86.ActiveCfg = Release|Win32
		{7A7EAC1E-CDA1-4137-95F0-1A29680FC2EB}.Release|x86.Build.0 = Release|Win32
		{29AB4D5E-FB76-485F-8095-4036CEE23FF4}.Debug|x64.ActiveCfg = Debug|x64
		{29AB4D5E-FB76-485F-8095-4036CEE23FF4}.Debug|x64.Build.0 = Debug|x64
		{29AB4D5E-FB76-485F-8095-4036CEE23FF4}.Debug|x86.ActiveCfg = Debug|Win32
		{29AB4D5E-FB76-485F-8095-4036CEE23FF4}.Debug|x86.Build.0 = Debug|Win32
		{29AB4D5E-FB76-485F-8095-4036CEE23FF4}.Release_DEBUG|x64.ActiveCfg = Release|x64
		{29AB4D5E-FB76-485F-8095-4036CEE23FF4}.Release_DEBUG|x64.Build.0 = Release|x64
		{29AB4D5E-FB76-485F-8095-4036CEE23FF4}.Release_DEBUG|x86.ActiveCfg = Release|Win32
		{29AB4D5E-FB76-485F-8095-4036CEE23FF4}.Release_DEBUG|x86.Build.0 = Release|Win32
		{29AB4D5E-FB76-485F-8095-4036CEE23FF4}.Release|x64.ActiveCfg = Release|x64
		{29AB4D5E-FB76-485F-8095-4036CEE23FF4}.Release|x64.Build.0 = Release|x64
		{29AB4D5E-FB76-485F-8095-4036CEE23FF4}.Release|x86.ActiveCfg = Release|Win32
		{29AB4D5E-FB76-485F-8095-4036CEE23FF4}.Release|x86.Build.0 = Release|Win32
		{59CE7705-7151-4593-950A-5177E9558958}.Debug|x64.ActiveCfg = Debug|x64
		{59CE7705-7151-4593-950A-5177E9558958}.Debug|x86.ActiveCfg = Debug|Win32
		{59CE7705-7151-4593-950A-5177E9558958}.Debug|x86.Build.0 = Debug|Win32
		{59CE7705-7151-4593-950A-5177E9558958}.Release_DEBUG|x64.ActiveCfg = Release|x64
		{59CE7705-7151-4593-950A-5177E9558958}.Release_DEBUG|x64.Build.0 = Release|x64
		{59CE7705-7151-4593-950A-5177E9558958}.Release_DEBUG|x86.ActiveCfg = Release|Win32
		{59CE7705-7151-4593-950A-5177E9558958}.Release_DEBUG|x86.Build.0 = Release|Win32
		{59CE7705-7151-4593-950A-5177E9558958}.Release|x64.ActiveCfg = Release|x64
		{59CE7705-7151-4593-950A-5177E9558958}.Release|x86.ActiveCfg = Release|Win32
		{59CE7705-7151-4593-950A-5177E9558958}.Release|x86.Build.0 = Release|Win32
		{4867374E-F525-47FF-82D8-2645A85EE10A}.Debug|x64.ActiveCfg = Debug|x64
		{4867374E-F525-47FF-82D8-2645A85EE10A}.Debug|x64.Build.0 = Debug|x64
		{4867374E-F525-47FF-82D8-2645A85EE10A}.Debug|x86.ActiveCfg = Debug|Win32
		{4867374E-F525-47FF-82D8-2645A85EE10A}.Debug|x86.Build.0 = Debug|Win32
		{4867374E-F525-47FF-82D8-2645A85EE10A}.Release_DEBUG|x64.ActiveCfg = Release|x64
		{4867374E-F525-47FF-82D8-2645A85EE10A}.Release_DEBUG|x64.Build.0 = Release|x64
		{4867374E-F525-47FF-82D8-2645A85EE10A}.Release_DEBUG|x86.ActiveCfg = Release|Win32
		{4867374E-F525-47FF-82D8-2645A85EE10A}.Release_DEBUG|x86.Build.0 = Release|Win32
		{4867374E-F525-47FF-82D8-2645A85EE10A}.Release|x64.ActiveCfg = Release|x64
		{4867374E-F525-47FF-82D8-2645A85EE10A}.Release|x64.Build.0 = Release|x64
		{4867374E-F525-47FF-82D8-2645A85EE10A}.Release|x86.ActiveCfg = Release|Win32
		{4867374E-F525-47FF-82D8-2645A85EE10A}.Release|x86.Build.0 = Release|Win32
		{049A3157-DE36-4D6E-855E-8D7A17AECB6C}.Debug|x64.ActiveCfg = Debug|x64
		{049A3157-DE36-4D6E-855E-8D7A17AECB6C}.Debug|x64.Build.0 = Debug|x64
		{049A3157-DE36-4D6E-855E-8D7A17AECB6C}.Debug|x86.ActiveCfg = Debug|Win32
		{049A3157-DE36-4D6E-855E-8D7A17AECB6C}.Debug|x86.Build.0 = Debug|Win32
		{049A3157-DE36-4D6E-855E-8D7A17AECB6C}.Release_DEBUG|x64.ActiveCfg = Release|x64
		{049A3157-DE36-4D6E-855E-8D7A17AECB6C}.Release_DEBUG|x64.Build.0 = Release|x64
		{049A3157-DE36-4D6E-855E-8D7A17AECB6C}.Release_DEBUG|x86.ActiveCfg = Release|Win32
		{049A3157-DE36-4D6E-855E-8D7A17AECB6C}.Release_DEBUG|x86.Build.0 = Release|Win32
		{049A3157-DE36-4D6E-855E-8D7A17AECB6C}.Release|x64.ActiveCfg = Release|x64
		{049A3157-DE36-4D6E-855E-8D7A17AECB6C}.Release|x64.Build.0 = Release|x64
		{049A3157-DE36-4D6E-855E-8D7A17AECB6C}.Release|x86.ActiveCfg = Release|Win32
		{049A3157-DE36-4D6E-855E-8D7A17AECB6C}.Release|x86.Build.0 = Release|Win32
		{880558E4-10E4-4970-991C-A38C5692A36E}.Debug|x64.ActiveCfg = Debug|x64
		{880558E4-10E4-4970-991C-A38C5692A36E}.Debug|x64.Build.0 = Debug|x64
		{880558E4-10E4-4970-991C-A38C5692A36E}.Debug|x86.ActiveCfg = Debug|Win32
		{880558E4-10E4-4970-991C-A38C5692A36E}.Debug|x86.Build.0 = Debug|Win32
		{880558E4-10E4-4970-991C-A38C5692A36E}.Release_DEBUG|x64.ActiveCfg = Release|x64
		{880558E4-10E4-4970-991C-A38C5692A36E}.Release_DEBUG|x64.Build.0 = Release|x64
		{880558E4-10E4-4970-991C-A38C5692A36E}.Release_DEBUG|x86.ActiveCfg = Release|Win32
		{880558E4-10E4-4970-991C-A38C5692A36E}.Release_DEBUG|x86.Build.0 = Release|Win32
		{880558E4-10E4-4970-991C-A38C5692A36E}.Release|x64.ActiveCfg = Release|x64
		{880558E4-10E4-4970-991C-A38C5692A36E}.Release|x64.Build.0 = Release|x64
		{880558E4-10E4-4970-991C-A38C5692A36E}.Release|x86.ActiveCfg = Release|Win32
		{880558E4-10E4-4970-991C-A38C5692A36E}.Release|x86.Build.0 = Release|Win32
		{65C2B69E-1DBE-4418-A48C-96FE4B61BDBF}.Debug|x64.ActiveCfg = Debug|x64
		{65C2B69E-1DBE-4418-A48C-96FE4B61BDBF}.Debug|x64.Build.0 = Debug|x64
		{65C2B69E-1DBE-4418-A48C-96FE4B61BDBF}.Debug|x86.ActiveCfg = Debug|Win32
		{65C2B69E-1DBE-4418-A48C-96FE4B61BDBF}.Debug|x86.Build.0 = Debug|Win32
		{65C2B69E-1DBE-4418-A48C-96FE4B61BDBF}.Release_DEBUG|x64.ActiveCfg = Release|x64
		{65C2B69E-1DBE-4418-A48C-96FE4B61BDBF}.Release_DEBUG|x64.Build.0 = Release|x64
		{65C2B69E-1DBE-4418-A48C-96FE4B61BDBF}.Release_DEBUG|x86.ActiveCfg = Release|Win32
		{65C2B69E-1DBE-4418-A48C-96FE4B61BDBF}.Release_DEBUG|x86.Build.0 = Release|Win32
		{65C2B69E-1DBE-4418-A48C-96FE4B61BDBF}.Release|x64.ActiveCfg = Release|x64
		{65C2B69E-1DBE-4418-A48C-96FE4B61BDBF}.Release|x64.Build.0 = Release|x64
		{65C2B69E-1DBE-4418-A48C-96FE4B61BDBF}.Release|x86.ActiveCfg = Release|Win32
		{65C2B69E-1DBE-4418-A48C-96FE4B61BDBF}.Release|x86.Build.0 = Release|Win32
		{81B51237-5572-443C-8A68-DBC54F02F624}.Debug|x64.ActiveCfg = Debug|x64
		{81B51237-5572-443C-8A68-DBC54F02F624}.Debug|x86.ActiveCfg = Debug|Win32
		{81B51237-5572-443C-8A68-DBC54F02F624}.Debug|x86.Build.0 = Debug|Win32
		{81B51237-5572-443C-8A68-DBC54F02F624}.Release_DEBUG|x64.ActiveCfg = Release|x64
		{81B51237-5572-443C-8A68-DBC54F02F624}.Release_DEBUG|x64.Build.0 = Release|x64
		{81B51237-5572-443C-8A68-DBC54F02F624}.Release_DEBUG|x86.ActiveCfg = Release|Win32
		{81B51237-5572-443C-8A68-DBC54F02F624}.Release_DEBUG|x86.Build.0 = Release|Win32
		{81B51237-5572-443C-8A68-DBC54F02F624}.Release|x64.ActiveCfg = Release|x64
		{81B51237-5572-443C-8A68-DBC54F02F624}.Release|x86.ActiveCfg = Release|Win32
		{81B51237-5572-443C-8A68-DBC54F02F624}.Release|x86.Build.0 = Release|Win32
		{C75DEAAE-0E86-4970-97DC-11CE4E20E981}.Debug|x64.ActiveCfg = Debug|x64
		{C75DEAAE-0E86-4970-97DC-11CE4E20E981}.Debug|x64.Build.0 = Debug|x64
		{C75DEAAE-0E86-4970-97DC-11CE4E20E981}.Debug|x86.ActiveCfg = Debug|Win32
		{C75DEAAE-0E86-4970-97DC-11CE4E20E981}.Debug|x86.Build.0 = Debug|Win32
		{C75DEAAE-0E86-4970-97DC-11CE4E20E981}.Release_DEBUG|x64.ActiveCfg = Release|x64
		{C75DEAAE-0E86-4970-97DC-11CE4E20E981}.Release_DEBUG|x64.Build.0 = Release|x64
		{C75DEAAE-0E86-4970-97DC-11CE4E20E981}.Release_DEBUG|x86.ActiveCfg = Release|Win32
		{C75DEAAE-0E86-4970-97DC-11CE4E20E981}.Release_DEBUG|x86.Build.0 = Release|Win32
		{C75DEAAE-0E86-4970-97DC-11CE4E20E981}.Release|x64.ActiveCfg = Release|x64
		{C75DEAAE-0E86-4970-97DC-11CE4E20E981}.Release|x64.Build.0 = Release|x64
		{C75DEAAE-0E86-4970-97DC-11CE4E20E981}.Release|x86.ActiveCfg = Release|Win32
		{C75DEAAE-0E86-4970-97DC-11CE4E20E981}.Release|x86.Build.0 = Release|Win32
	EndGlobalSection
	GlobalSection(SolutionProperties) = preSolution
		HideSolutionNode = FALSE
	EndGlobalSection
	GlobalSection(NestedProjects) = preSolution
		{84B905BE-4A9E-4482-84D2-CA65D2453529} = {FB9A261D-5A41-4139-9B3F-F8922326A9D1}
		{FBC102B3-080F-466E-A8E3-01CB25AD4113} = {FB9A261D-5A41-4139-9B3F-F8922326A9D1}
		{66664F67-4842-46B2-932F-52ED65FDE34B} = {FB9A261D-5A41-4139-9B3F-F8922326A9D1}
		{B71B589F-440C-4924-B600-8EE2F017339A} = {FB9A261D-5A41-4139-9B3F-F8922326A9D1}
		{67D05D79-CEDA-471F-907C-0D49DCBDCB7E} = {FB9A261D-5A41-4139-9B3F-F8922326A9D1}
		{324194E5-75F9-428E-8485-C063BF11DABB} = {FB9A261D-5A41-4139-9B3F-F8922326A9D1}
		{29AB4D5E-FB76-485F-8095-4036CEE23FF4} = {FB9A261D-5A41-4139-9B3F-F8922326A9D1}
		{59CE7705-7151-4593-950A-5177E9558958} = {FB9A261D-5A41-4139-9B3F-F8922326A9D1}
		{049A3157-DE36-4D6E-855E-8D7A17AECB6C} = {FB9A261D-5A41-4139-9B3F-F8922326A9D1}
		{880558E4-10E4-4970-991C-A38C5692A36E} = {FB9A261D-5A41-4139-9B3F-F8922326A9D1}
		{65C2B69E-1DBE-4418-A48C-96FE4B61BDBF} = {FB9A261D-5A41-4139-9B3F-F8922326A9D1}
		{81B51237-5572-443C-8A68-DBC54F02F624} = {FB9A261D-5A41-4139-9B3F-F8922326A9D1}
		{C75DEAAE-0E86-4970-97DC-11CE4E20E981} = {FB9A261D-5A41-4139-9B3F-F8922326A9D1}
	EndGlobalSection
	GlobalSection(ExtensibilityGlobals) = postSolution
		VisualSVNWorkingCopyRoot = .
		SolutionGuid = {DB1DC007-5C32-45FB-A793-07226ECC6F64}
	EndGlobalSection
EndGlobal
