<?xml version="1.0" encoding="utf-8"?>
<Project ToolsVersion="4.0" xmlns="http://schemas.microsoft.com/developer/msbuild/2003">
  <ItemGroup>
    <Filter Include="Source Files">
      <UniqueIdentifier>{4FC737F1-C7A5-4376-A066-2A32D752A2FF}</UniqueIdentifier>
      <Extensions>cpp;c;cc;cxx;c++;cppm;ixx;def;odl;idl;hpj;bat;asm;asmx</Extensions>
    </Filter>
    <Filter Include="Header Files">
      <UniqueIdentifier>{93995380-89BD-4b04-88EB-625FBE52EBFB}</UniqueIdentifier>
      <Extensions>h;hh;hpp;hxx;h++;hm;inl;inc;ipp;xsd</Extensions>
    </Filter>
    <Filter Include="Resource Files">
      <UniqueIdentifier>{67DA6AB6-F800-4c08-8B7A-83BB121AAD01}</UniqueIdentifier>
      <Extensions>rc;ico;cur;bmp;dlg;rc2;rct;bin;rgs;gif;jpg;jpeg;jpe;resx;tiff;tif;png;wav;mfcribbon-ms</Extensions>
    </Filter>
  </ItemGroup>
  <ItemGroup>
    <None Include="DebugCommon.shader" />
    <None Include="DepthPrePass.shader" />
    <None Include="FXAACommon.shader" />
    <None Include="Global.shader" />
    <None Include="LightingUtils.shader" />
    <None Include="Mesh.shader" />
    <None Include="MeshCommon.shader" />
    <None Include="ShadowUtils.shader" />
    <None Include="SkySphereCommon.shader" />
    <None Include="Utils.shader" />
    <None Include="WaterMask.shader" />
    <None Include="HexEngine.Shaders.targets" />
    <None Include="PBRutils.shader" />
  </ItemGroup>
  <ItemGroup>
    <Xml Include="shader.xml" />
  </ItemGroup>
  <ItemGroup>
    <HexEngineShader Include="UIBasic.shader" />
    <HexEngineShader Include="BilateralUpsample.shader" />
    <HexEngineShader Include="Billboard.shader" />
    <HexEngineShader Include="Bloom.shader" />
    <HexEngineShader Include="BloomPhysical.shader" />
    <HexEngineShader Include="BuildShadowMask.shader" />
    <HexEngineShader Include="DebugRender.shader" />
    <HexEngineShader Include="Deferred.shader" />
    <HexEngineShader Include="PointLight.shader" />
    <HexEngineShader Include="FullScreenQuad.shader" />
    <HexEngineShader Include="FXAA.shader" />
    <HexEngineShader Include="GaussianBlur.shader" />
    <HexEngineShader Include="GaussianBlurVert.shader" />
    <HexEngineShader Include="GaussianBlurVert_Depth.shader" />
    <HexEngineShader Include="GaussianBlur_Depth.shader" />
    <HexEngineShader Include="Default.shader" />
    <HexEngineShader Include="PostFog.shader" />
    <HexEngineShader Include="ShadowMapGeometry.shader" />
    <HexEngineShader Include="SkySphere.shader" />
    <HexEngineShader Include="Tonemap.shader" />
    <HexEngineShader Include="TonemapHDR.shader" />
    <HexEngineShader Include="PresentHDR.shader" />
    <HexEngineShader Include="UIBasicHDR.shader" />
    <HexEngineShader Include="UIBasicHDRCanvas.shader" />
    <HexEngineShader Include="UIInstancedHDR.shader" />
    <HexEngineShader Include="VolumetricClouds.shader" />
    <HexEngineShader Include="VolumetricLighting.shader" />
    <HexEngineShader Include="Water.shader" />
    <HexEngineShader Include="SSR.shader" />
    <HexEngineShader Include="SpotLight.shader" />
    <HexEngineShader Include="Vignette.shader" />
    <HexEngineShader Include="ChromaticAbberation.shader" />
    <HexEngineShader Include="ColourGrade.shader" />
    <HexEngineShader Include="TAAResolve.shader" />
    <HexEngineShader Include="UIInstanced.shader" />
    <HexEngineShader Include="DefaultAnimated.shader" />
    <HexEngineShader Include="ShadowMapGeometryAnimated.shader" />
    <HexEngineShader Include="SSRResolve.shader" />
    <HexEngineShader Include="BasicDenoise.shader" />
    <HexEngineShader Include="BuildDepthPyramid.shader" />
    <HexEngineShader Include="ParticleSimulate.shader" />
    <HexEngineShader Include="ParticleBillboardLit.shader" />
    <HexEngineShader Include="DiffuseGIClearVoxel.shader" />
    <HexEngineShader Include="DiffuseGIBuildCandidates.shader" />
    <HexEngineShader Include="DiffuseGIVoxelizeEval.shader" />
    <HexEngineShader Include="DiffuseGIPropagateVoxel.shader" />
    <HexEngineShader Include="GpuFrustumCull.shader" />
    <HexEngineShader Include="GpuOcclusionCull.shader" />
    <HexEngineShader Include="DiffuseGITrace.shader" />
    <HexEngineShader Include="DiffuseGIResolve.shader" />
    <HexEngineShader Include="DiffuseGIVoxelize.shader" />
    <HexEngineShader Include="DefaultPixel.shader" />
    <HexEngineShader Include="WaterBlit.shader" />
    <HexEngineShader Include="DiffuseGIShiftVoxel.shader" />
    <HexEngineShader Include="PCSS.shader" />
  </ItemGroup>
</Project>


